
Microsoft Visual Studio Solution File, Format Version 12.00
# Visual Studio 2012
Project("{FAE04EC0-301F-11D3-BF4B-00C04F79EFBC}") = "UnitTestWithFakesFramework", "UnitTestWithFakesFramework\UnitTestWithFakesFramework.csproj", "{05C78F31-7066-4360-B404-260FD3FCD30E}"
EndProject
Global
	GlobalSection(SolutionConfigurationPlatforms) = preSolution
		Debug|Any CPU = Debug|Any CPU
		Release|Any CPU = Release|Any CPU
	EndGlobalSection
	GlobalSection(ProjectConfigurationPlatforms) = postSolution
		{05C78F31-7066-4360-B404-260FD3FCD30E}.Debug|Any CPU.ActiveCfg = Debug|Any CPU
		{05C78F31-7066-4360-B404-260FD3FCD30E}.Debug|Any CPU.Build.0 = Debug|Any CPU
		{05C78F31-7066-4360-B404-260FD3FCD30E}.Release|Any CPU.ActiveCfg = Release|Any CPU
		{05C78F31-7066-4360-B404-260FD3FCD30E}.Release|Any CPU.Build.0 = Release|Any CPU
	EndGlobalSection
	GlobalSection(SolutionProperties) = preSolution
		HideSolutionNode = FALSE
	EndGlobalSection
EndGlobal
